<?xml version="1.0" encoding="UTF-8" standalone="yes" ?>
<CodeBlocks_project_file>
	<FileVersion major="1" minor="6" />
	<Project>
		<Option title="unit converter" />
		<Option pch_mode="2" />
		<Option compiler="gcc" />
		<Build>
			<Target title="Debug">
				<Option output="bin/Debug/unit converter" prefix_auto="1" extension_auto="1" />
				<Option object_output="obj/Debug/" />
				<Option type="1" />
				<Option compiler="gcc" />
				<Compiler>
					<Add option="-g" />
				</Compiler>
			</Target>
			<Target title="Release">
				<Option output="bin/Release/unit converter" prefix_auto="1" extension_auto="1" />
				<Option object_output="obj/Release/" />
				<Option type="1" />
				<Option compiler="gcc" />
				<Compiler>
					<Add option="-O2" />
				</Compiler>
				<Linker>
					<Add option="-s" />
				</Linker>
			</Target>
		</Build>
		<Compiler>
			<Add option="-Wall" />
		</Compiler>
		<Unit filename="Temp.h" />
		<Unit filename="angle.c">
			<Option compilerVar="CC" />
		</Unit>
		<Unit filename="angle.h" />
		<Unit filename="force.c">
			<Option compilerVar="CC" />
		</Unit>
		<Unit filename="force.h" />
		<Unit filename="length.c">
			<Option compilerVar="CC" />
		</Unit>
		<Unit filename="length.h" />
		<Unit filename="main.c">
			<Option compilerVar="CC" />
		</Unit>
		<Unit filename="main.h" />
		<Unit filename="mass.c">
			<Option compilerVar="CC" />
		</Unit>
		<Unit filename="mass.h">
			<Option target="&lt;{~None~}&gt;" />
		</Unit>
		<Unit filename="pressure.c">
			<Option compilerVar="CC" />
		</Unit>
		<Unit filename="pressure.h" />
		<Unit filename="temp.c">
			<Option compilerVar="CC" />
		</Unit>
		<Unit filename="velocity.c">
			<Option compilerVar="CC" />
		</Unit>
		<Unit filename="velocity.h" />
		<Unit filename="volume.c">
			<Option compilerVar="CC" />
		</Unit>
		<Unit filename="volume.h" />
		<Extensions>
			<lib_finder disable_auto="1" />
		</Extensions>
	</Project>
</CodeBlocks_project_file>
